
Microsoft Visual Studio Solution File, Format Version 12.00
# Visual Studio 15
VisualStudioVersion = 15.0.28010.2036
MinimumVisualStudioVersion = 10.0.40219.1
Project("{FAE04EC0-301F-11D3-BF4B-00C04F79EFBC}") = "Grizzhacks3Server", "Grizzhacks3\Grizzhacks3Server.csproj", "{064C94E6-C3D7-41E4-A19D-B1AAD823173A}"
EndProject
Project("{FAE04EC0-301F-11D3-BF4B-00C04F79EFBC}") = "Grizzhacks3Client", "Grizzhacks3Client\Grizzhacks3Client.csproj", "{203F4A9D-7443-41FB-89DE-6DB6E7054A31}"
EndProject
Global
	GlobalSection(SolutionConfigurationPlatforms) = preSolution
		Debug|Any CPU = Debug|Any CPU
		Release|Any CPU = Release|Any CPU
	EndGlobalSection
	GlobalSection(ProjectConfigurationPlatforms) = postSolution
		{064C94E6-C3D7-41E4-A19D-B1AAD823173A}.Debug|Any CPU.ActiveCfg = Debug|Any CPU
		{064C94E6-C3D7-41E4-A19D-B1AAD823173A}.Debug|Any CPU.Build.0 = Debug|Any CPU
		{064C94E6-C3D7-41E4-A19D-B1AAD823173A}.Release|Any CPU.ActiveCfg = Release|Any CPU
		{064C94E6-C3D7-41E4-A19D-B1AAD823173A}.Release|Any CPU.Build.0 = Release|Any CPU
		{203F4A9D-7443-41FB-89DE-6DB6E7054A31}.Debug|Any CPU.ActiveCfg = Debug|Any CPU
		{203F4A9D-7443-41FB-89DE-6DB6E7054A31}.Debug|Any CPU.Build.0 = Debug|Any CPU
		{203F4A9D-7443-41FB-89DE-6DB6E7054A31}.Release|Any CPU.ActiveCfg = Release|Any CPU
		{203F4A9D-7443-41FB-89DE-6DB6E7054A31}.Release|Any CPU.Build.0 = Release|Any CPU
	EndGlobalSection
	GlobalSection(SolutionProperties) = preSolution
		HideSolutionNode = FALSE
	EndGlobalSection
	GlobalSection(ExtensibilityGlobals) = postSolution
		SolutionGuid = {1C6CE2A7-598B-4086-8838-9366163CEE19}
	EndGlobalSection
EndGlobal
